
Microsoft Visual Studio Solution File, Format Version 12.00
# Visual Studio Version 16
VisualStudioVersion = 16.0.30104.148
MinimumVisualStudioVersion = 10.0.40219.1
Project("{FAE04EC0-301F-11D3-BF4B-00C04F79EFBC}") = "Sexta", "Sexta\Sexta.csproj", "{B2A72D70-290A-4357-BDFB-47E79A4C2A7D}"
EndProject
Global
	GlobalSection(SolutionConfigurationPlatforms) = preSolution
		Debug|Any CPU = Debug|Any CPU
		Release|Any CPU = Release|Any CPU
	EndGlobalSection
	GlobalSection(ProjectConfigurationPlatforms) = postSolution
		{B2A72D70-290A-4357-BDFB-47E79A4C2A7D}.Debug|Any CPU.ActiveCfg = Debug|Any CPU
		{B2A72D70-290A-4357-BDFB-47E79A4C2A7D}.Debug|Any CPU.Build.0 = Debug|Any CPU
		{B2A72D70-290A-4357-BDFB-47E79A4C2A7D}.Release|Any CPU.ActiveCfg = Release|Any CPU
		{B2A72D70-290A-4357-BDFB-47E79A4C2A7D}.Release|Any CPU.Build.0 = Release|Any CPU
	EndGlobalSection
	GlobalSection(SolutionProperties) = preSolution
		HideSolutionNode = FALSE
	EndGlobalSection
	GlobalSection(ExtensibilityGlobals) = postSolution
		SolutionGuid = {830A9EEC-C80E-46EA-ABBD-F13C28914416}
	EndGlobalSection
EndGlobal
