
Microsoft Visual Studio Solution File, Format Version 12.00
# Visual Studio Version 16
VisualStudioVersion = 16.0.30128.74
MinimumVisualStudioVersion = 10.0.40219.1
Project("{FAE04EC0-301F-11D3-BF4B-00C04F79EFBC}") = "ExInterface", "ExInterface\ExInterface.csproj", "{DC811951-F610-4F76-A8B2-7D780DE3539A}"
EndProject
Global
	GlobalSection(SolutionConfigurationPlatforms) = preSolution
		Debug|Any CPU = Debug|Any CPU
		Release|Any CPU = Release|Any CPU
	EndGlobalSection
	GlobalSection(ProjectConfigurationPlatforms) = postSolution
		{DC811951-F610-4F76-A8B2-7D780DE3539A}.Debug|Any CPU.ActiveCfg = Debug|Any CPU
		{DC811951-F610-4F76-A8B2-7D780DE3539A}.Debug|Any CPU.Build.0 = Debug|Any CPU
		{DC811951-F610-4F76-A8B2-7D780DE3539A}.Release|Any CPU.ActiveCfg = Release|Any CPU
		{DC811951-F610-4F76-A8B2-7D780DE3539A}.Release|Any CPU.Build.0 = Release|Any CPU
	EndGlobalSection
	GlobalSection(SolutionProperties) = preSolution
		HideSolutionNode = FALSE
	EndGlobalSection
	GlobalSection(ExtensibilityGlobals) = postSolution
		SolutionGuid = {CD7422DA-D016-4395-9AC2-C626B9316CDC}
	EndGlobalSection
EndGlobal
