
Microsoft Visual Studio Solution File, Format Version 12.00
# Visual Studio Version 16
VisualStudioVersion = 16.0.30128.74
MinimumVisualStudioVersion = 10.0.40219.1
Project("{FAE04EC0-301F-11D3-BF4B-00C04F79EFBC}") = "ExXadrez", "ExXadrez\ExXadrez.csproj", "{250EA65C-C103-47CD-8CF1-D50BC05DA7D5}"
EndProject
Global
	GlobalSection(SolutionConfigurationPlatforms) = preSolution
		Debug|Any CPU = Debug|Any CPU
		Release|Any CPU = Release|Any CPU
	EndGlobalSection
	GlobalSection(ProjectConfigurationPlatforms) = postSolution
		{250EA65C-C103-47CD-8CF1-D50BC05DA7D5}.Debug|Any CPU.ActiveCfg = Debug|Any CPU
		{250EA65C-C103-47CD-8CF1-D50BC05DA7D5}.Debug|Any CPU.Build.0 = Debug|Any CPU
		{250EA65C-C103-47CD-8CF1-D50BC05DA7D5}.Release|Any CPU.ActiveCfg = Release|Any CPU
		{250EA65C-C103-47CD-8CF1-D50BC05DA7D5}.Release|Any CPU.Build.0 = Release|Any CPU
	EndGlobalSection
	GlobalSection(SolutionProperties) = preSolution
		HideSolutionNode = FALSE
	EndGlobalSection
	GlobalSection(ExtensibilityGlobals) = postSolution
		SolutionGuid = {378C0A58-075F-41E1-83B1-C47B879BCCF8}
	EndGlobalSection
EndGlobal
