
Microsoft Visual Studio Solution File, Format Version 12.00
# Visual Studio Version 16
VisualStudioVersion = 16.0.30104.148
MinimumVisualStudioVersion = 10.0.40219.1
Project("{FAE04EC0-301F-11D3-BF4B-00C04F79EFBC}") = "Terceiro", "Terceiro\Terceiro.csproj", "{50535FE9-DC4C-489F-A84B-F459C04CE6DC}"
EndProject
Global
	GlobalSection(SolutionConfigurationPlatforms) = preSolution
		Debug|Any CPU = Debug|Any CPU
		Release|Any CPU = Release|Any CPU
	EndGlobalSection
	GlobalSection(ProjectConfigurationPlatforms) = postSolution
		{50535FE9-DC4C-489F-A84B-F459C04CE6DC}.Debug|Any CPU.ActiveCfg = Debug|Any CPU
		{50535FE9-DC4C-489F-A84B-F459C04CE6DC}.Debug|Any CPU.Build.0 = Debug|Any CPU
		{50535FE9-DC4C-489F-A84B-F459C04CE6DC}.Release|Any CPU.ActiveCfg = Release|Any CPU
		{50535FE9-DC4C-489F-A84B-F459C04CE6DC}.Release|Any CPU.Build.0 = Release|Any CPU
	EndGlobalSection
	GlobalSection(SolutionProperties) = preSolution
		HideSolutionNode = FALSE
	EndGlobalSection
	GlobalSection(ExtensibilityGlobals) = postSolution
		SolutionGuid = {96BC6712-C094-4E41-9838-BBCFE6A2A8E3}
	EndGlobalSection
EndGlobal
