
Microsoft Visual Studio Solution File, Format Version 12.00
# Visual Studio Version 16
VisualStudioVersion = 16.0.30104.148
MinimumVisualStudioVersion = 10.0.40219.1
Project("{FAE04EC0-301F-11D3-BF4B-00C04F79EFBC}") = "ExClasseRetangulo", "ExClasseRetangulo\ExClasseRetangulo.csproj", "{F8A50A36-4950-4C83-A4C0-1D80C1A67F46}"
EndProject
Global
	GlobalSection(SolutionConfigurationPlatforms) = preSolution
		Debug|Any CPU = Debug|Any CPU
		Release|Any CPU = Release|Any CPU
	EndGlobalSection
	GlobalSection(ProjectConfigurationPlatforms) = postSolution
		{F8A50A36-4950-4C83-A4C0-1D80C1A67F46}.Debug|Any CPU.ActiveCfg = Debug|Any CPU
		{F8A50A36-4950-4C83-A4C0-1D80C1A67F46}.Debug|Any CPU.Build.0 = Debug|Any CPU
		{F8A50A36-4950-4C83-A4C0-1D80C1A67F46}.Release|Any CPU.ActiveCfg = Release|Any CPU
		{F8A50A36-4950-4C83-A4C0-1D80C1A67F46}.Release|Any CPU.Build.0 = Release|Any CPU
	EndGlobalSection
	GlobalSection(SolutionProperties) = preSolution
		HideSolutionNode = FALSE
	EndGlobalSection
	GlobalSection(ExtensibilityGlobals) = postSolution
		SolutionGuid = {380E75C6-5248-4BE1-99F3-1CC20A87E2B4}
	EndGlobalSection
EndGlobal
